
Microsoft Visual Studio Solution File, Format Version 12.00
# Visual Studio Version 17
VisualStudioVersion = 17.11.35222.181
MinimumVisualStudioVersion = 10.0.40219.1
Project("{FAE04EC0-301F-11D3-BF4B-00C04F79EFBC}") = "KokoType.Tests.WebAPI", "KokoType.Tests.WebAPI\KokoType.Tests.WebAPI.csproj", "{FFF3569C-3867-4A74-BE36-A56792A41710}"
	ProjectSection(ProjectDependencies) = postProject
		{13BF159A-1F1B-4742-A4C9-C416568A7FBA} = {13BF159A-1F1B-4742-A4C9-C416568A7FBA}
		{7764250D-62D2-4D41-A2A8-2A9DCF516EAD} = {7764250D-62D2-4D41-A2A8-2A9DCF516EAD}
	EndProjectSection
EndProject
Project("{FAE04EC0-301F-11D3-BF4B-00C04F79EFBC}") = "KokoType.Tests.DAL", "KokoType.Tests.DAL\KokoType.Tests.DAL.csproj", "{13BF159A-1F1B-4742-A4C9-C416568A7FBA}"
EndProject
Project("{FAE04EC0-301F-11D3-BF4B-00C04F79EFBC}") = "KokoType.Tests.BLL", "KokoType.Tests.BLL\KokoType.Tests.BLL.csproj", "{7764250D-62D2-4D41-A2A8-2A9DCF516EAD}"
	ProjectSection(ProjectDependencies) = postProject
		{13BF159A-1F1B-4742-A4C9-C416568A7FBA} = {13BF159A-1F1B-4742-A4C9-C416568A7FBA}
	EndProjectSection
EndProject
Global
	GlobalSection(SolutionConfigurationPlatforms) = preSolution
		Debug|Any CPU = Debug|Any CPU
		Release|Any CPU = Release|Any CPU
	EndGlobalSection
	GlobalSection(ProjectConfigurationPlatforms) = postSolution
		{FFF3569C-3867-4A74-BE36-A56792A41710}.Debug|Any CPU.ActiveCfg = Debug|Any CPU
		{FFF3569C-3867-4A74-BE36-A56792A41710}.Debug|Any CPU.Build.0 = Debug|Any CPU
		{FFF3569C-3867-4A74-BE36-A56792A41710}.Release|Any CPU.ActiveCfg = Release|Any CPU
		{FFF3569C-3867-4A74-BE36-A56792A41710}.Release|Any CPU.Build.0 = Release|Any CPU
		{13BF159A-1F1B-4742-A4C9-C416568A7FBA}.Debug|Any CPU.ActiveCfg = Debug|Any CPU
		{13BF159A-1F1B-4742-A4C9-C416568A7FBA}.Debug|Any CPU.Build.0 = Debug|Any CPU
		{13BF159A-1F1B-4742-A4C9-C416568A7FBA}.Release|Any CPU.ActiveCfg = Release|Any CPU
		{13BF159A-1F1B-4742-A4C9-C416568A7FBA}.Release|Any CPU.Build.0 = Release|Any CPU
		{7764250D-62D2-4D41-A2A8-2A9DCF516EAD}.Debug|Any CPU.ActiveCfg = Debug|Any CPU
		{7764250D-62D2-4D41-A2A8-2A9DCF516EAD}.Debug|Any CPU.Build.0 = Debug|Any CPU
		{7764250D-62D2-4D41-A2A8-2A9DCF516EAD}.Release|Any CPU.ActiveCfg = Release|Any CPU
		{7764250D-62D2-4D41-A2A8-2A9DCF516EAD}.Release|Any CPU.Build.0 = Release|Any CPU
	EndGlobalSection
	GlobalSection(SolutionProperties) = preSolution
		HideSolutionNode = FALSE
	EndGlobalSection
	GlobalSection(ExtensibilityGlobals) = postSolution
		SolutionGuid = {1CBF7BC0-2CB2-4870-B439-7BD08FE0D386}
	EndGlobalSection
EndGlobal
