
Microsoft Visual Studio Solution File, Format Version 12.00
# Visual Studio Version 17
VisualStudioVersion = 17.11.35222.181
MinimumVisualStudioVersion = 10.0.40219.1
Project("{9A19103F-16F7-4668-BE54-9A1E7A4F7556}") = "KokoType.TestService.WebAPI", "KokoType.TestService.WebAPI\KokoType.TestService.WebAPI.csproj", "{49E9CA4D-DBB2-4059-B3EF-D1946289D967}"
EndProject
Project("{9A19103F-16F7-4668-BE54-9A1E7A4F7556}") = "KokoType.TestService.DAL", "KokoType.TestService.DAL\KokoType.TestService.DAL.csproj", "{3CCD45F4-0B68-4FD5-BE6C-C4DE7A3FDD43}"
EndProject
Project("{FAE04EC0-301F-11D3-BF4B-00C04F79EFBC}") = "KokoType.TestService.BLL", "KokoType.TestService.BLL\KokoType.TestService.BLL.csproj", "{5316C546-761E-4315-B41F-FF2959536D0E}"
EndProject
Global
	GlobalSection(SolutionConfigurationPlatforms) = preSolution
		Debug|Any CPU = Debug|Any CPU
		Release|Any CPU = Release|Any CPU
	EndGlobalSection
	GlobalSection(ProjectConfigurationPlatforms) = postSolution
		{49E9CA4D-DBB2-4059-B3EF-D1946289D967}.Debug|Any CPU.ActiveCfg = Debug|Any CPU
		{49E9CA4D-DBB2-4059-B3EF-D1946289D967}.Debug|Any CPU.Build.0 = Debug|Any CPU
		{49E9CA4D-DBB2-4059-B3EF-D1946289D967}.Release|Any CPU.ActiveCfg = Release|Any CPU
		{49E9CA4D-DBB2-4059-B3EF-D1946289D967}.Release|Any CPU.Build.0 = Release|Any CPU
		{3CCD45F4-0B68-4FD5-BE6C-C4DE7A3FDD43}.Debug|Any CPU.ActiveCfg = Debug|Any CPU
		{3CCD45F4-0B68-4FD5-BE6C-C4DE7A3FDD43}.Debug|Any CPU.Build.0 = Debug|Any CPU
		{3CCD45F4-0B68-4FD5-BE6C-C4DE7A3FDD43}.Release|Any CPU.ActiveCfg = Release|Any CPU
		{3CCD45F4-0B68-4FD5-BE6C-C4DE7A3FDD43}.Release|Any CPU.Build.0 = Release|Any CPU
		{5316C546-761E-4315-B41F-FF2959536D0E}.Debug|Any CPU.ActiveCfg = Debug|Any CPU
		{5316C546-761E-4315-B41F-FF2959536D0E}.Debug|Any CPU.Build.0 = Debug|Any CPU
		{5316C546-761E-4315-B41F-FF2959536D0E}.Release|Any CPU.ActiveCfg = Release|Any CPU
		{5316C546-761E-4315-B41F-FF2959536D0E}.Release|Any CPU.Build.0 = Release|Any CPU
	EndGlobalSection
	GlobalSection(SolutionProperties) = preSolution
		HideSolutionNode = FALSE
	EndGlobalSection
	GlobalSection(ExtensibilityGlobals) = postSolution
		SolutionGuid = {E2D1871D-8686-4A58-B232-0DCA83A7EB50}
	EndGlobalSection
EndGlobal
