
Microsoft Visual Studio Solution File, Format Version 12.00
# Visual Studio Version 17
VisualStudioVersion = 17.11.35222.181
MinimumVisualStudioVersion = 10.0.40219.1
Project("{FAE04EC0-301F-11D3-BF4B-00C04F79EFBC}") = "KokoType.WordGeneratorService.WebAPI", "KokoType.WordGeneratorService.WebAPI\KokoType.WordGeneratorService.WebAPI.csproj", "{EAF2F923-AE7E-4098-8A08-7BC337DF50B1}"
EndProject
Project("{FAE04EC0-301F-11D3-BF4B-00C04F79EFBC}") = "KokoType.WordGeneratorService.Service", "KokoType.WordGeneratorService.Service\KokoType.WordGeneratorService.Service.csproj", "{25218F6F-EB93-4D99-A3FE-0C0DABCCDF56}"
EndProject
Global
	GlobalSection(SolutionConfigurationPlatforms) = preSolution
		Debug|Any CPU = Debug|Any CPU
		Release|Any CPU = Release|Any CPU
	EndGlobalSection
	GlobalSection(ProjectConfigurationPlatforms) = postSolution
		{EAF2F923-AE7E-4098-8A08-7BC337DF50B1}.Debug|Any CPU.ActiveCfg = Debug|Any CPU
		{EAF2F923-AE7E-4098-8A08-7BC337DF50B1}.Debug|Any CPU.Build.0 = Debug|Any CPU
		{EAF2F923-AE7E-4098-8A08-7BC337DF50B1}.Release|Any CPU.ActiveCfg = Release|Any CPU
		{EAF2F923-AE7E-4098-8A08-7BC337DF50B1}.Release|Any CPU.Build.0 = Release|Any CPU
		{25218F6F-EB93-4D99-A3FE-0C0DABCCDF56}.Debug|Any CPU.ActiveCfg = Debug|Any CPU
		{25218F6F-EB93-4D99-A3FE-0C0DABCCDF56}.Debug|Any CPU.Build.0 = Debug|Any CPU
		{25218F6F-EB93-4D99-A3FE-0C0DABCCDF56}.Release|Any CPU.ActiveCfg = Release|Any CPU
		{25218F6F-EB93-4D99-A3FE-0C0DABCCDF56}.Release|Any CPU.Build.0 = Release|Any CPU
	EndGlobalSection
	GlobalSection(SolutionProperties) = preSolution
		HideSolutionNode = FALSE
	EndGlobalSection
	GlobalSection(ExtensibilityGlobals) = postSolution
		SolutionGuid = {61B426AE-4ABE-4DBB-9EF8-FAEC014A2439}
	EndGlobalSection
EndGlobal
