
Microsoft Visual Studio Solution File, Format Version 12.00
# Visual Studio Version 17
VisualStudioVersion = 17.11.35222.181
MinimumVisualStudioVersion = 10.0.40219.1
Project("{2150E333-8FDC-42A3-9474-1A3956D46DE8}") = "Элементы решения", "Элементы решения", "{99CC241C-B26F-4B46-92AC-0BE8E578B06D}"
	ProjectSection(SolutionItems) = preProject
		Directory.Packages.props = Directory.Packages.props
	EndProjectSection
EndProject
Project("{9A19103F-16F7-4668-BE54-9A1E7A4F7556}") = "KokoType_DAL_Test", "KokoType_DAL_Test\KokoType_DAL_Test.csproj", "{6A5FC653-1ABA-436C-BDF6-16499D4E4DA9}"
EndProject
Project("{9A19103F-16F7-4668-BE54-9A1E7A4F7556}") = "KokoType_ServiceTest", "KokoType_SeviceTest\KokoType_ServiceTest.csproj", "{3501D549-33EF-4D1C-9B11-CC6C2CD1E242}"
	ProjectSection(ProjectDependencies) = postProject
		{1B77B451-AF3E-4716-8156-4242088A0C11} = {1B77B451-AF3E-4716-8156-4242088A0C11}
		{6A5FC653-1ABA-436C-BDF6-16499D4E4DA9} = {6A5FC653-1ABA-436C-BDF6-16499D4E4DA9}
	EndProjectSection
EndProject
Project("{9A19103F-16F7-4668-BE54-9A1E7A4F7556}") = "KokoType_DAL_User", "KokoType_DAL_User\KokoType_DAL_User.csproj", "{FDDE6347-9CDA-4F70-BEE9-A34ACCFBD6C4}"
EndProject
Project("{9A19103F-16F7-4668-BE54-9A1E7A4F7556}") = "KokoType_ServiceUser", "KokoType_ServiceUser\KokoType_ServiceUser.csproj", "{6D24B7F4-A84A-4AE3-A7F4-ECCAD8AAD10C}"
	ProjectSection(ProjectDependencies) = postProject
		{2D650868-9A20-42D6-81EC-4F8E358E2D03} = {2D650868-9A20-42D6-81EC-4F8E358E2D03}
	EndProjectSection
EndProject
Project("{FAE04EC0-301F-11D3-BF4B-00C04F79EFBC}") = "KokoType_BLL_Test", "KokoType_BLL_Test\KokoType_BLL_Test.csproj", "{1B77B451-AF3E-4716-8156-4242088A0C11}"
EndProject
Project("{FAE04EC0-301F-11D3-BF4B-00C04F79EFBC}") = "KokoType_BLL_User", "KokoType_BLL_User\KokoType_BLL_User.csproj", "{2D650868-9A20-42D6-81EC-4F8E358E2D03}"
EndProject
Global
	GlobalSection(SolutionConfigurationPlatforms) = preSolution
		Debug|Any CPU = Debug|Any CPU
		Release|Any CPU = Release|Any CPU
	EndGlobalSection
	GlobalSection(ProjectConfigurationPlatforms) = postSolution
		{6A5FC653-1ABA-436C-BDF6-16499D4E4DA9}.Debug|Any CPU.ActiveCfg = Debug|Any CPU
		{6A5FC653-1ABA-436C-BDF6-16499D4E4DA9}.Debug|Any CPU.Build.0 = Debug|Any CPU
		{6A5FC653-1ABA-436C-BDF6-16499D4E4DA9}.Release|Any CPU.ActiveCfg = Release|Any CPU
		{6A5FC653-1ABA-436C-BDF6-16499D4E4DA9}.Release|Any CPU.Build.0 = Release|Any CPU
		{3501D549-33EF-4D1C-9B11-CC6C2CD1E242}.Debug|Any CPU.ActiveCfg = Debug|Any CPU
		{3501D549-33EF-4D1C-9B11-CC6C2CD1E242}.Debug|Any CPU.Build.0 = Debug|Any CPU
		{3501D549-33EF-4D1C-9B11-CC6C2CD1E242}.Release|Any CPU.ActiveCfg = Release|Any CPU
		{3501D549-33EF-4D1C-9B11-CC6C2CD1E242}.Release|Any CPU.Build.0 = Release|Any CPU
		{FDDE6347-9CDA-4F70-BEE9-A34ACCFBD6C4}.Debug|Any CPU.ActiveCfg = Debug|Any CPU
		{FDDE6347-9CDA-4F70-BEE9-A34ACCFBD6C4}.Debug|Any CPU.Build.0 = Debug|Any CPU
		{FDDE6347-9CDA-4F70-BEE9-A34ACCFBD6C4}.Release|Any CPU.ActiveCfg = Release|Any CPU
		{FDDE6347-9CDA-4F70-BEE9-A34ACCFBD6C4}.Release|Any CPU.Build.0 = Release|Any CPU
		{6D24B7F4-A84A-4AE3-A7F4-ECCAD8AAD10C}.Debug|Any CPU.ActiveCfg = Debug|Any CPU
		{6D24B7F4-A84A-4AE3-A7F4-ECCAD8AAD10C}.Debug|Any CPU.Build.0 = Debug|Any CPU
		{6D24B7F4-A84A-4AE3-A7F4-ECCAD8AAD10C}.Release|Any CPU.ActiveCfg = Release|Any CPU
		{6D24B7F4-A84A-4AE3-A7F4-ECCAD8AAD10C}.Release|Any CPU.Build.0 = Release|Any CPU
		{1B77B451-AF3E-4716-8156-4242088A0C11}.Debug|Any CPU.ActiveCfg = Debug|Any CPU
		{1B77B451-AF3E-4716-8156-4242088A0C11}.Debug|Any CPU.Build.0 = Debug|Any CPU
		{1B77B451-AF3E-4716-8156-4242088A0C11}.Release|Any CPU.ActiveCfg = Release|Any CPU
		{1B77B451-AF3E-4716-8156-4242088A0C11}.Release|Any CPU.Build.0 = Release|Any CPU
		{2D650868-9A20-42D6-81EC-4F8E358E2D03}.Debug|Any CPU.ActiveCfg = Debug|Any CPU
		{2D650868-9A20-42D6-81EC-4F8E358E2D03}.Debug|Any CPU.Build.0 = Debug|Any CPU
		{2D650868-9A20-42D6-81EC-4F8E358E2D03}.Release|Any CPU.ActiveCfg = Release|Any CPU
		{2D650868-9A20-42D6-81EC-4F8E358E2D03}.Release|Any CPU.Build.0 = Release|Any CPU
	EndGlobalSection
	GlobalSection(SolutionProperties) = preSolution
		HideSolutionNode = FALSE
	EndGlobalSection
	GlobalSection(ExtensibilityGlobals) = postSolution
		SolutionGuid = {EA6C62B8-8A82-4583-92F4-4E3D5BB8BEB4}
	EndGlobalSection
EndGlobal
